<?xml version="1.0" encoding="utf-8"?>
<Project ToolsVersion="4.0" xmlns="http://schemas.microsoft.com/developer/msbuild/2003">
  <ItemGroup>
    <Filter Include="Source Files">
      <UniqueIdentifier>{4FC737F1-C7A5-4376-A066-2A32D752A2FF}</UniqueIdentifier>
      <Extensions>cpp;c;cc;cxx;c++;cppm;ixx;def;odl;idl;hpj;bat;asm;asmx</Extensions>
    </Filter>
    <Filter Include="Header Files">
      <UniqueIdentifier>{93995380-89BD-4b04-88EB-625FBE52EBFB}</UniqueIdentifier>
      <Extensions>h;hh;hpp;hxx;h++;hm;inl;inc;ipp;xsd</Extensions>
    </Filter>
    <Filter Include="Resource Files">
      <UniqueIdentifier>{67DA6AB6-F800-4c08-8B7A-83BB121AAD01}</UniqueIdentifier>
      <Extensions>rc;ico;cur;bmp;dlg;rc2;rct;bin;rgs;gif;jpg;jpeg;jpe;resx;tiff;tif;png;wav;mfcribbon-ms</Extensions>
    </Filter>
    <Filter Include="Resource Files\Dependencies">
      <UniqueIdentifier>{89441edb-f635-4128-b20b-0268622d325b}</UniqueIdentifier>
    </Filter>
    <Filter Include="Resource Files\media">
      <UniqueIdentifier>{13ee64cd-029b-41d1-928b-b8875e3ea9c7}</UniqueIdentifier>
    </Filter>
    <Filter Include="Resource Files\media\models">
      <UniqueIdentifier>{600ec501-f356-405c-b800-125aa5ba5e1b}</UniqueIdentifier>
    </Filter>
    <Filter Include="Resource Files\media\textures">
      <UniqueIdentifier>{743b22dc-00ff-4061-8335-6f7715d1ca62}</UniqueIdentifier>
    </Filter>
    <Filter Include="Resource Files\media\shaders">
      <UniqueIdentifier>{7de05cee-17b5-405c-92e6-e42ad4fc8a08}</UniqueIdentifier>
    </Filter>
  </ItemGroup>
  <ItemGroup>
    <ClCompile Include="WheelyWonkaS_main.cpp">
      <Filter>Source Files</Filter>
    </ClCompile>
    <ClCompile Include="WWencoder.cpp">
      <Filter>Source Files</Filter>
    </ClCompile>
    <ClCompile Include="..\WWClient\UDP6send.cpp">
      <Filter>Source Files</Filter>
    </ClCompile>
    <ClCompile Include="..\WWClient\UDP6receive.cpp">
      <Filter>Source Files</Filter>
    </ClCompile>
    <ClCompile Include="WWboundingbox.cpp">
      <Filter>Source Files</Filter>
    </ClCompile>
  </ItemGroup>
  <ItemGroup>
    <ClInclude Include="WWInclude.h">
      <Filter>Header Files</Filter>
    </ClInclude>
    <ClInclude Include="WWhelpers.h">
      <Filter>Header Files</Filter>
    </ClInclude>
    <ClInclude Include="WWmodel.h">
      <Filter>Header Files</Filter>
    </ClInclude>
    <ClInclude Include="WWtexture.h">
      <Filter>Header Files</Filter>
    </ClInclude>
    <ClInclude Include="WWkeybinds.h">
      <Filter>Header Files</Filter>
    </ClInclude>
    <ClInclude Include="WWencoder.h">
      <Filter>Header Files</Filter>
    </ClInclude>
    <ClInclude Include="WWcamera.h">
      <Filter>Header Files</Filter>
    </ClInclude>
    <ClInclude Include="WWboundingbox.h">
      <Filter>Header Files</Filter>
    </ClInclude>
  </ItemGroup>
  <ItemGroup>
    <CopyFileToFolders Include="glfw\glfw-3.2.1.bin.WIN64\lib-vc2015\glfw3.dll">
      <Filter>Resource Files\Dependencies</Filter>
    </CopyFileToFolders>
  </ItemGroup>
  <ItemGroup>
    <Object Include="media\models\cube_medium.obj">
      <Filter>Resource Files\media\models</Filter>
    </Object>
    <Object Include="media\models\cube_small.obj">
      <Filter>Resource Files\media\models</Filter>
    </Object>
    <Object Include="media\models\sphere.obj">
      <Filter>Resource Files\media\models</Filter>
    </Object>
    <Object Include="media\models\viking_room.obj">
      <Filter>Resource Files\media\models</Filter>
    </Object>
    <Object Include="media\models\skybox_cube.obj">
      <Filter>Resource Files\media\models</Filter>
    </Object>
    <Object Include="media\models\small_plane.obj">
      <Filter>Resource Files\media\models</Filter>
    </Object>
    <Object Include="media\models\grass.obj">
      <Filter>Resource Files\media\models</Filter>
    </Object>
    <Object Include="media\models\plane_big.obj">
      <Filter>Resource Files\media\models</Filter>
    </Object>
  </ItemGroup>
  <ItemGroup>
    <Image Include="media\textures\paper.jpg">
      <Filter>Resource Files\media\textures</Filter>
    </Image>
    <Image Include="media\textures\viking_room.png">
      <Filter>Resource Files\media\textures</Filter>
    </Image>
    <Image Include="media\textures\water.png">
      <Filter>Resource Files\media\textures</Filter>
    </Image>
    <Image Include="media\textures\grass.jpg">
      <Filter>Resource Files\media\textures</Filter>
    </Image>
    <Image Include="media\textures\grass.png">
      <Filter>Resource Files\media\textures</Filter>
    </Image>
    <Image Include="media\textures\road.jpg">
      <Filter>Resource Files\media\textures</Filter>
    </Image>
  </ItemGroup>
  <ItemGroup>
    <None Include="media\shaders\26_shader_depth.frag">
      <Filter>Resource Files\media\shaders</Filter>
    </None>
    <None Include="media\shaders\26_shader_depth.vert">
      <Filter>Resource Files\media\shaders</Filter>
    </None>
    <None Include="media\shaders\bp_shader.frag">
      <Filter>Resource Files\media\shaders</Filter>
    </None>
    <None Include="media\shaders\bp_shader.vert">
      <Filter>Resource Files\media\shaders</Filter>
    </None>
    <None Include="media\shaders\compile_shaders.bat">
      <Filter>Resource Files\media\shaders</Filter>
    </None>
    <None Include="media\shaders\frag.spv">
      <Filter>Resource Files\media\shaders</Filter>
    </None>
    <None Include="media\shaders\fragBP.spv">
      <Filter>Resource Files\media\shaders</Filter>
    </None>
    <None Include="media\shaders\vert.spv">
      <Filter>Resource Files\media\shaders</Filter>
    </None>
    <None Include="media\shaders\vertBP.spv">
      <Filter>Resource Files\media\shaders</Filter>
    </None>
    <None Include="media\shaders\skybox_shader.vert">
      <Filter>Resource Files\media\shaders</Filter>
    </None>
    <None Include="media\shaders\fragSkyBox.spv">
      <Filter>Resource Files\media\shaders</Filter>
    </None>
    <None Include="media\shaders\vertSkyBox.spv">
      <Filter>Resource Files\media\shaders</Filter>
    </None>
    <None Include="media\shaders\skybox_shader.frag">
      <Filter>Resource Files\media\shaders</Filter>
    </None>
  </ItemGroup>
</Project>